// !$*UTF8*$!
{
	archiveVersion = 1;
	classes = {
	};
	objectVersion = 50;
	objects = {

/* Begin PBXBuildFile section */
		CF637E652010074E00F5DD50 /* AppDelegate.swift in Sources */ = {isa = PBXBuildFile; fileRef = CF637E642010074E00F5DD50 /* AppDelegate.swift */; };
		CF637E672010074E00F5DD50 /* ViewController.swift in Sources */ = {isa = PBXBuildFile; fileRef = CF637E662010074E00F5DD50 /* ViewController.swift */; };
		CF637E6A2010074E00F5DD50 /* Main.storyboard in Resources */ = {isa = PBXBuildFile; fileRef = CF637E682010074E00F5DD50 /* Main.storyboard */; };
		CF637E6C2010074E00F5DD50 /* Assets.xcassets in Resources */ = {isa = PBXBuildFile; fileRef = CF637E6B2010074E00F5DD50 /* Assets.xcassets */; };
		CF637E6F2010074E00F5DD50 /* LaunchScreen.storyboard in Resources */ = {isa = PBXBuildFile; fileRef = CF637E6D2010074E00F5DD50 /* LaunchScreen.storyboard */; };
		CF637E77201008B100F5DD50 /* Llamada.storyboard in Resources */ = {isa = PBXBuildFile; fileRef = CF637E76201008B100F5DD50 /* Llamada.storyboard */; };
		CF637E79201008BB00F5DD50 /* Mensaje.storyboard in Resources */ = {isa = PBXBuildFile; fileRef = CF637E78201008BB00F5DD50 /* Mensaje.storyboard */; };
		CF637E7B201008C600F5DD50 /* Email.storyboard in Resources */ = {isa = PBXBuildFile; fileRef = CF637E7A201008C600F5DD50 /* Email.storyboard */; };
		CF637E7F20100C4A00F5DD50 /* LlamadaViewController.swift in Sources */ = {isa = PBXBuildFile; fileRef = CF637E7E20100C4A00F5DD50 /* LlamadaViewController.swift */; };
		CF637E8120100E1D00F5DD50 /* MensajeViewController.swift in Sources */ = {isa = PBXBuildFile; fileRef = CF637E8020100E1D00F5DD50 /* MensajeViewController.swift */; };
		CF637E832010105900F5DD50 /* EmailViewController.swift in Sources */ = {isa = PBXBuildFile; fileRef = CF637E822010105900F5DD50 /* EmailViewController.swift */; };
/* End PBXBuildFile section */

/* Begin PBXFileReference section */
		CF637E612010074E00F5DD50 /* CallMailMessage.app */ = {isa = PBXFileReference; explicitFileType = wrapper.application; includeInIndex = 0; path = CallMailMessage.app; sourceTree = BUILT_PRODUCTS_DIR; };
		CF637E642010074E00F5DD50 /* AppDelegate.swift */ = {isa = PBXFileReference; lastKnownFileType = sourcecode.swift; path = AppDelegate.swift; sourceTree = "<group>"; };
		CF637E662010074E00F5DD50 /* ViewController.swift */ = {isa = PBXFileReference; lastKnownFileType = sourcecode.swift; path = ViewController.swift; sourceTree = "<group>"; };
		CF637E692010074E00F5DD50 /* Base */ = {isa = PBXFileReference; lastKnownFileType = file.storyboard; name = Base; path = Base.lproj/Main.storyboard; sourceTree = "<group>"; };
		CF637E6B2010074E00F5DD50 /* Assets.xcassets */ = {isa = PBXFileReference; lastKnownFileType = folder.assetcatalog; path = Assets.xcassets; sourceTree = "<group>"; };
		CF637E6E2010074E00F5DD50 /* Base */ = {isa = PBXFileReference; lastKnownFileType = file.storyboard; name = Base; path = Base.lproj/LaunchScreen.storyboard; sourceTree = "<group>"; };
		CF637E702010074E00F5DD50 /* Info.plist */ = {isa = PBXFileReference; lastKnownFileType = text.plist.xml; path = Info.plist; sourceTree = "<group>"; };
		CF637E76201008B100F5DD50 /* Llamada.storyboard */ = {isa = PBXFileReference; lastKnownFileType = file.storyboard; path = Llamada.storyboard; sourceTree = "<group>"; };
		CF637E78201008BB00F5DD50 /* Mensaje.storyboard */ = {isa = PBXFileReference; lastKnownFileType = file.storyboard; path = Mensaje.storyboard; sourceTree = "<group>"; };
		CF637E7A201008C600F5DD50 /* Email.storyboard */ = {isa = PBXFileReference; lastKnownFileType = file.storyboard; path = Email.storyboard; sourceTree = "<group>"; };
		CF637E7E20100C4A00F5DD50 /* LlamadaViewController.swift */ = {isa = PBXFileReference; lastKnownFileType = sourcecode.swift; path = LlamadaViewController.swift; sourceTree = "<group>"; };
		CF637E8020100E1D00F5DD50 /* MensajeViewController.swift */ = {isa = PBXFileReference; lastKnownFileType = sourcecode.swift; path = MensajeViewController.swift; sourceTree = "<group>"; };
		CF637E822010105900F5DD50 /* EmailViewController.swift */ = {isa = PBXFileReference; lastKnownFileType = sourcecode.swift; path = EmailViewController.swift; sourceTree = "<group>"; };
/* End PBXFileReference section */

/* Begin PBXFrameworksBuildPhase section */
		CF637E5E2010074E00F5DD50 /* Frameworks */ = {
			isa = PBXFrameworksBuildPhase;
			buildActionMask = 2147483647;
			files = (
			);
			runOnlyForDeploymentPostprocessing = 0;
		};
/* End PBXFrameworksBuildPhase section */

/* Begin PBXGroup section */
		CF637E582010074E00F5DD50 = {
			isa = PBXGroup;
			children = (
				CF637E632010074E00F5DD50 /* CallMailMessage */,
				CF637E622010074E00F5DD50 /* Products */,
			);
			sourceTree = "<group>";
		};
		CF637E622010074E00F5DD50 /* Products */ = {
			isa = PBXGroup;
			children = (
				CF637E612010074E00F5DD50 /* CallMailMessage.app */,
			);
			name = Products;
			sourceTree = "<group>";
		};
		CF637E632010074E00F5DD50 /* CallMailMessage */ = {
			isa = PBXGroup;
			children = (
				CF637E642010074E00F5DD50 /* AppDelegate.swift */,
				CF637E7E20100C4A00F5DD50 /* LlamadaViewController.swift */,
				CF637E8020100E1D00F5DD50 /* MensajeViewController.swift */,
				CF637E822010105900F5DD50 /* EmailViewController.swift */,
				CF637E662010074E00F5DD50 /* ViewController.swift */,
				CF637E682010074E00F5DD50 /* Main.storyboard */,
				CF637E76201008B100F5DD50 /* Llamada.storyboard */,
				CF637E78201008BB00F5DD50 /* Mensaje.storyboard */,
				CF637E7A201008C600F5DD50 /* Email.storyboard */,
				CF637E6B2010074E00F5DD50 /* Assets.xcassets */,
				CF637E6D2010074E00F5DD50 /* LaunchScreen.storyboard */,
				CF637E702010074E00F5DD50 /* Info.plist */,
			);
			path = CallMailMessage;
			sourceTree = "<group>";
		};
/* End PBXGroup section */

/* Begin PBXNativeTarget section */
		CF637E602010074E00F5DD50 /* CallMailMessage */ = {
			isa = PBXNativeTarget;
			buildConfigurationList = CF637E732010074E00F5DD50 /* Build configuration list for PBXNativeTarget "CallMailMessage" */;
			buildPhases = (
				CF637E5D2010074E00F5DD50 /* Sources */,
				CF637E5E2010074E00F5DD50 /* Frameworks */,
				CF637E5F2010074E00F5DD50 /* Resources */,
			);
			buildRules = (
			);
			dependencies = (
			);
			name = CallMailMessage;
			productName = CallMailMessage;
			productReference = CF637E612010074E00F5DD50 /* CallMailMessage.app */;
			productType = "com.apple.product-type.application";
		};
/* End PBXNativeTarget section */

/* Begin PBXProject section */
		CF637E592010074E00F5DD50 /* Project object */ = {
			isa = PBXProject;
			attributes = {
				LastSwiftUpdateCheck = 0920;
				LastUpgradeCheck = 0920;
				ORGANIZATIONNAME = codelapp;
				TargetAttributes = {
					CF637E602010074E00F5DD50 = {
						CreatedOnToolsVersion = 9.2;
						ProvisioningStyle = Automatic;
					};
				};
			};
			buildConfigurationList = CF637E5C2010074E00F5DD50 /* Build configuration list for PBXProject "CallMailMessage" */;
			compatibilityVersion = "Xcode 9.3";
			developmentRegion = en;
			hasScannedForEncodings = 0;
			knownRegions = (
				en,
				Base,
			);
			mainGroup = CF637E582010074E00F5DD50;
			productRefGroup = CF637E622010074E00F5DD50 /* Products */;
			projectDirPath = "";
			projectRoot = "";
			targets = (
				CF637E602010074E00F5DD50 /* CallMailMessage */,
			);
		};
/* End PBXProject section */

/* Begin PBXResourcesBuildPhase section */
		CF637E5F2010074E00F5DD50 /* Resources */ = {
			isa = PBXResourcesBuildPhase;
			buildActionMask = 2147483647;
			files = (
				CF637E79201008BB00F5DD50 /* Mensaje.storyboard in Resources */,
				CF637E6F2010074E00F5DD50 /* LaunchScreen.storyboard in Resources */,
				CF637E77201008B100F5DD50 /* Llamada.storyboard in Resources */,
				CF637E7B201008C600F5DD50 /* Email.storyboard in Resources */,
				CF637E6C2010074E00F5DD50 /* Assets.xcassets in Resources */,
				CF637E6A2010074E00F5DD50 /* Main.storyboard in Resources */,
			);
			runOnlyForDeploymentPostprocessing = 0;
		};
/* End PBXResourcesBuildPhase section */

/* Begin PBXSourcesBuildPhase section */
		CF637E5D2010074E00F5DD50 /* Sources */ = {
			isa = PBXSourcesBuildPhase;
			buildActionMask = 2147483647;
			files = (
				CF637E8120100E1D00F5DD50 /* MensajeViewController.swift in Sources */,
				CF637E672010074E00F5DD50 /* ViewController.swift in Sources */,
				CF637E652010074E00F5DD50 /* AppDelegate.swift in Sources */,
				CF637E7F20100C4A00F5DD50 /* LlamadaViewController.swift in Sources */,
				CF637E832010105900F5DD50 /* EmailViewController.swift in Sources */,
			);
			runOnlyForDeploymentPostprocessing = 0;
		};
/* End PBXSourcesBuildPhase section */

/* Begin PBXVariantGroup section */
		CF637E682010074E00F5DD50 /* Main.storyboard */ = {
			isa = PBXVariantGroup;
			children = (
				CF637E692010074E00F5DD50 /* Base */,
			);
			name = Main.storyboard;
			sourceTree = "<group>";
		};
		CF637E6D2010074E00F5DD50 /* LaunchScreen.storyboard */ = {
			isa = PBXVariantGroup;
			children = (
				CF637E6E2010074E00F5DD50 /* Base */,
			);
			name = LaunchScreen.storyboard;
			sourceTree = "<group>";
		};
/* End PBXVariantGroup section */

/* Begin XCBuildConfiguration section */
		CF637E712010074E00F5DD50 /* Debug */ = {
			isa = XCBuildConfiguration;
			buildSettings = {
				ALWAYS_SEARCH_USER_PATHS = NO;
				CLANG_ANALYZER_NONNULL = YES;
				CLANG_ANALYZER_NUMBER_OBJECT_CONVERSION = YES_AGGRESSIVE;
				CLANG_CXX_LANGUAGE_STANDARD = "gnu++14";
				CLANG_CXX_LIBRARY = "libc++";
				CLANG_ENABLE_MODULES = YES;
				CLANG_ENABLE_OBJC_ARC = YES;
				CLANG_WARN_BLOCK_CAPTURE_AUTORELEASING = YES;
				CLANG_WARN_BOOL_CONVERSION = YES;
				CLANG_WARN_COMMA = YES;
				CLANG_WARN_CONSTANT_CONVERSION = YES;
				CLANG_WARN_DIRECT_OBJC_ISA_USAGE = YES_ERROR;
				CLANG_WARN_DOCUMENTATION_COMMENTS = YES;
				CLANG_WARN_EMPTY_BODY = YES;
				CLANG_WARN_ENUM_CONVERSION = YES;
				CLANG_WARN_INFINITE_RECURSION = YES;
				CLANG_WARN_INT_CONVERSION = YES;
				CLANG_WARN_NON_LITERAL_NULL_CONVERSION = YES;
				CLANG_WARN_OBJC_LITERAL_CONVERSION = YES;
				CLANG_WARN_OBJC_ROOT_CLASS = YES_ERROR;
				CLANG_WARN_RANGE_LOOP_ANALYSIS = YES;
				CLANG_WARN_STRICT_PROTOTYPES = YES;
				CLANG_WARN_SUSPICIOUS_MOVE = YES;
				CLANG_WARN_UNGUARDED_AVAILABILITY = YES_AGGRESSIVE;
				CLANG_WARN_UNREACHABLE_CODE = YES;
				CLANG_WARN__DUPLICATE_METHOD_MATCH = YES;
				CODE_SIGN_IDENTITY = "iPhone Developer";
				COPY_PHASE_STRIP = NO;
				DEBUG_INFORMATION_FORMAT = dwarf;
				ENABLE_STRICT_OBJC_MSGSEND = YES;
				ENABLE_TESTABILITY = YES;
				GCC_C_LANGUAGE_STANDARD = gnu11;
				GCC_DYNAMIC_NO_PIC = NO;
				GCC_NO_COMMON_BLOCKS = YES;
				GCC_OPTIMIZATION_LEVEL = 0;
				GCC_PREPROCESSOR_DEFINITIONS = (
					"DEBUG=1",
					"$(inherited)",
				);
				GCC_WARN_64_TO_32_BIT_CONVERSION = YES;
				GCC_WARN_ABOUT_RETURN_TYPE = YES_ERROR;
				GCC_WARN_UNDECLARED_SELECTOR = YES;
				GCC_WARN_UNINITIALIZED_AUTOS = YES_AGGRESSIVE;
				GCC_WARN_UNUSED_FUNCTION = YES;
				GCC_WARN_UNUSED_VARIABLE = YES;
				IPHONEOS_DEPLOYMENT_TARGET = 11.2;
				MTL_ENABLE_DEBUG_INFO = YES;
				ONLY_ACTIVE_ARCH = YES;
				SDKROOT = iphoneos;
				SWIFT_ACTIVE_COMPILATION_CONDITIONS = DEBUG;
				SWIFT_COMPILATION_MODE = singlefile;
				SWIFT_OPTIMIZATION_LEVEL = "-Onone";
			};
			name = Debug;
		};
		CF637E722010074E00F5DD50 /* Release */ = {
			isa = XCBuildConfiguration;
			buildSettings = {
				ALWAYS_SEARCH_USER_PATHS = NO;
				CLANG_ANALYZER_NONNULL = YES;
				CLANG_ANALYZER_NUMBER_OBJECT_CONVERSION = YES_AGGRESSIVE;
				CLANG_CXX_LANGUAGE_STANDARD = "gnu++14";
				CLANG_CXX_LIBRARY = "libc++";
				CLANG_ENABLE_MODULES = YES;
				CLANG_ENABLE_OBJC_ARC = YES;
				CLANG_WARN_BLOCK_CAPTURE_AUTORELEASING = YES;
				CLANG_WARN_BOOL_CONVERSION = YES;
				CLANG_WARN_COMMA = YES;
				CLANG_WARN_CONSTANT_CONVERSION = YES;
				CLANG_WARN_DIRECT_OBJC_ISA_USAGE = YES_ERROR;
				CLANG_WARN_DOCUMENTATION_COMMENTS = YES;
				CLANG_WARN_EMPTY_BODY = YES;
				CLANG_WARN_ENUM_CONVERSION = YES;
				CLANG_WARN_INFINITE_RECURSION = YES;
				CLANG_WARN_INT_CONVERSION = YES;
				CLANG_WARN_NON_LITERAL_NULL_CONVERSION = YES;
				CLANG_WARN_OBJC_LITERAL_CONVERSION = YES;
				CLANG_WARN_OBJC_ROOT_CLASS = YES_ERROR;
				CLANG_WARN_RANGE_LOOP_ANALYSIS = YES;
				CLANG_WARN_STRICT_PROTOTYPES = YES;
				CLANG_WARN_SUSPICIOUS_MOVE = YES;
				CLANG_WARN_UNGUARDED_AVAILABILITY = YES_AGGRESSIVE;
				CLANG_WARN_UNREACHABLE_CODE = YES;
				CLANG_WARN__DUPLICATE_METHOD_MATCH = YES;
				CODE_SIGN_IDENTITY = "iPhone Developer";
				COPY_PHASE_STRIP = NO;
				DEBUG_INFORMATION_FORMAT = "dwarf-with-dsym";
				ENABLE_NS_ASSERTIONS = NO;
				ENABLE_STRICT_OBJC_MSGSEND = YES;
				GCC_C_LANGUAGE_STANDARD = gnu11;
				GCC_NO_COMMON_BLOCKS = YES;
				GCC_WARN_64_TO_32_BIT_CONVERSION = YES;
				GCC_WARN_ABOUT_RETURN_TYPE = YES_ERROR;
				GCC_WARN_UNDECLARED_SELECTOR = YES;
				GCC_WARN_UNINITIALIZED_AUTOS = YES_AGGRESSIVE;
				GCC_WARN_UNUSED_FUNCTION = YES;
				GCC_WARN_UNUSED_VARIABLE = YES;
				IPHONEOS_DEPLOYMENT_TARGET = 11.2;
				MTL_ENABLE_DEBUG_INFO = NO;
				SDKROOT = iphoneos;
				SWIFT_COMPILATION_MODE = wholemodule;
				SWIFT_OPTIMIZATION_LEVEL = "-O";
				VALIDATE_PRODUCT = YES;
			};
			name = Release;
		};
		CF637E742010074E00F5DD50 /* Debug */ = {
			isa = XCBuildConfiguration;
			buildSettings = {
				ASSETCATALOG_COMPILER_APPICON_NAME = AppIcon;
				CODE_SIGN_STYLE = Automatic;
				DEVELOPMENT_TEAM = "";
				INFOPLIST_FILE = CallMailMessage/Info.plist;
				LD_RUNPATH_SEARCH_PATHS = (
					"$(inherited)",
					"@executable_path/Frameworks",
				);
				PRODUCT_BUNDLE_IDENTIFIER = com.codelapp;
				PRODUCT_NAME = "$(TARGET_NAME)";
				SWIFT_VERSION = 4.0;
				TARGETED_DEVICE_FAMILY = "1,2";
			};
			name = Debug;
		};
		CF637E752010074E00F5DD50 /* Release */ = {
			isa = XCBuildConfiguration;
			buildSettings = {
				ASSETCATALOG_COMPILER_APPICON_NAME = AppIcon;
				CODE_SIGN_STYLE = Automatic;
				DEVELOPMENT_TEAM = "";
				INFOPLIST_FILE = CallMailMessage/Info.plist;
				LD_RUNPATH_SEARCH_PATHS = (
					"$(inherited)",
					"@executable_path/Frameworks",
				);
				PRODUCT_BUNDLE_IDENTIFIER = com.codelapp;
				PRODUCT_NAME = "$(TARGET_NAME)";
				SWIFT_VERSION = 4.0;
				TARGETED_DEVICE_FAMILY = "1,2";
			};
			name = Release;
		};
/* End XCBuildConfiguration section */

/* Begin XCConfigurationList section */
		CF637E5C2010074E00F5DD50 /* Build configuration list for PBXProject "CallMailMessage" */ = {
			isa = XCConfigurationList;
			buildConfigurations = (
				CF637E712010074E00F5DD50 /* Debug */,
				CF637E722010074E00F5DD50 /* Release */,
			);
			defaultConfigurationIsVisible = 0;
			defaultConfigurationName = Release;
		};
		CF637E732010074E00F5DD50 /* Build configuration list for PBXNativeTarget "CallMailMessage" */ = {
			isa = XCConfigurationList;
			buildConfigurations = (
				CF637E742010074E00F5DD50 /* Debug */,
				CF637E752010074E00F5DD50 /* Release */,
			);
			defaultConfigurationIsVisible = 0;
			defaultConfigurationName = Release;
		};
/* End XCConfigurationList section */
	};
	rootObject = CF637E592010074E00F5DD50 /* Project object */;
}
